<?xml version="1.0" encoding="utf-8"?>
<Project ToolsVersion="4.0" xmlns="http://schemas.microsoft.com/developer/msbuild/2003">
  <ItemGroup>
    <Filter Include="ソース ファイル">
      <UniqueIdentifier>{4FC737F1-C7A5-4376-A066-2A32D752A2FF}</UniqueIdentifier>
      <Extensions>cpp;c;cc;cxx;c++;cppm;ixx;def;odl;idl;hpj;bat;asm;asmx</Extensions>
    </Filter>
    <Filter Include="ヘッダー ファイル">
      <UniqueIdentifier>{93995380-89BD-4b04-88EB-625FBE52EBFB}</UniqueIdentifier>
      <Extensions>h;hh;hpp;hxx;h++;hm;inl;inc;ipp;xsd</Extensions>
    </Filter>
    <Filter Include="リソース ファイル">
      <UniqueIdentifier>{67DA6AB6-F800-4c08-8B7A-83BB121AAD01}</UniqueIdentifier>
      <Extensions>rc;ico;cur;bmp;dlg;rc2;rct;bin;rgs;gif;jpg;jpeg;jpe;resx;tiff;tif;png;wav;mfcribbon-ms</Extensions>
    </Filter>
    <Filter Include="Object">
      <UniqueIdentifier>{89822a6c-e2ff-49e5-82ce-d205127bf81d}</UniqueIdentifier>
    </Filter>
    <Filter Include="Object\Character">
      <UniqueIdentifier>{f98a4a46-13d6-4c16-a3fd-af5e508bcb15}</UniqueIdentifier>
    </Filter>
    <Filter Include="Scene">
      <UniqueIdentifier>{02c4e2ba-33dc-4074-9212-724a4aaa627e}</UniqueIdentifier>
    </Filter>
    <Filter Include="Manager">
      <UniqueIdentifier>{14f53cae-e7ce-4d37-8e8e-790064bbe831}</UniqueIdentifier>
    </Filter>
    <Filter Include="Object\Parts">
      <UniqueIdentifier>{14c73806-5f57-4fa3-8edf-d385e3ffbdfb}</UniqueIdentifier>
    </Filter>
    <Filter Include="Singleton">
      <UniqueIdentifier>{28f0d2eb-ea91-4fb3-80b7-8178cdf6a008}</UniqueIdentifier>
    </Filter>
    <Filter Include="Object\CollisionObject">
      <UniqueIdentifier>{283edc72-7fb4-478e-8742-ee6a1929745a}</UniqueIdentifier>
    </Filter>
    <Filter Include="Object\Bullet">
      <UniqueIdentifier>{c22268e3-0db1-403d-97bb-42f2dc46ecab}</UniqueIdentifier>
    </Filter>
    <Filter Include="Object\Enemy">
      <UniqueIdentifier>{c3db9767-b252-46b4-99f8-fe186edae911}</UniqueIdentifier>
    </Filter>
  </ItemGroup>
  <ItemGroup>
    <ClCompile Include="ソース.cpp">
      <Filter>ソース ファイル</Filter>
    </ClCompile>
    <ClCompile Include="GameMaster.cpp">
      <Filter>ソース ファイル</Filter>
    </ClCompile>
    <ClCompile Include="PositionSetter.cpp">
      <Filter>Object\Parts</Filter>
    </ClCompile>
    <ClCompile Include="Gravity.cpp">
      <Filter>Object\Parts</Filter>
    </ClCompile>
    <ClCompile Include="Chara.cpp">
      <Filter>Object\Character</Filter>
    </ClCompile>
    <ClCompile Include="BaseObject.cpp">
      <Filter>Object</Filter>
    </ClCompile>
    <ClCompile Include="SceneChange.cpp">
      <Filter>ソース ファイル</Filter>
    </ClCompile>
    <ClCompile Include="BaseManager.cpp">
      <Filter>Manager</Filter>
    </ClCompile>
    <ClCompile Include="GameScene.cpp">
      <Filter>Scene</Filter>
    </ClCompile>
    <ClCompile Include="Player.cpp">
      <Filter>Object\Character</Filter>
    </ClCompile>
    <ClCompile Include="State.cpp">
      <Filter>Object\Parts</Filter>
    </ClCompile>
    <ClCompile Include="CollisionData.cpp">
      <Filter>Object\Parts</Filter>
    </ClCompile>
    <ClCompile Include="CollisionManager.cpp">
      <Filter>Manager</Filter>
    </ClCompile>
    <ClCompile Include="CommonObjectAndManager.cpp">
      <Filter>Scene</Filter>
    </ClCompile>
    <ClCompile Include="BaseScene.cpp">
      <Filter>Scene</Filter>
    </ClCompile>
    <ClCompile Include="CollisionProcessing.cpp">
      <Filter>Object\Parts</Filter>
    </ClCompile>
    <ClCompile Include="Fall.cpp">
      <Filter>Object\Parts</Filter>
    </ClCompile>
    <ClCompile Include="BlockManager.cpp">
      <Filter>Manager</Filter>
    </ClCompile>
    <ClCompile Include="KeyControlle.cpp">
      <Filter>Singleton</Filter>
    </ClCompile>
    <ClCompile Include="Camera.cpp">
      <Filter>Object</Filter>
    </ClCompile>
    <ClCompile Include="CollisionObject.cpp">
      <Filter>Object\CollisionObject</Filter>
    </ClCompile>
    <ClCompile Include="Bullet.cpp">
      <Filter>Object\Bullet</Filter>
    </ClCompile>
    <ClCompile Include="NormalBullet.cpp">
      <Filter>Object\Bullet</Filter>
    </ClCompile>
    <ClCompile Include="BulletManager.cpp">
      <Filter>Manager</Filter>
    </ClCompile>
    <ClCompile Include="Life.cpp">
      <Filter>Object\Parts</Filter>
    </ClCompile>
    <ClCompile Include="Enemy.cpp">
      <Filter>Object\Enemy</Filter>
    </ClCompile>
    <ClCompile Include="Terry.cpp">
      <Filter>ソース ファイル</Filter>
    </ClCompile>
    <ClCompile Include="EnemyManager.cpp">
      <Filter>Manager</Filter>
    </ClCompile>
  </ItemGroup>
  <ItemGroup>
    <ClInclude Include="GameMaster.h">
      <Filter>ヘッダー ファイル</Filter>
    </ClInclude>
    <ClInclude Include="Common.h">
      <Filter>ヘッダー ファイル</Filter>
    </ClInclude>
    <ClInclude Include="PositionSetter.h">
      <Filter>Object\Parts</Filter>
    </ClInclude>
    <ClInclude Include="Gravity.h">
      <Filter>Object\Parts</Filter>
    </ClInclude>
    <ClInclude Include="Chara.h">
      <Filter>Object\Character</Filter>
    </ClInclude>
    <ClInclude Include="BaseObject.h">
      <Filter>Object</Filter>
    </ClInclude>
    <ClInclude Include="SceneChange.h">
      <Filter>ヘッダー ファイル</Filter>
    </ClInclude>
    <ClInclude Include="BaseManager.h">
      <Filter>Manager</Filter>
    </ClInclude>
    <ClInclude Include="GameScene.h">
      <Filter>Scene</Filter>
    </ClInclude>
    <ClInclude Include="Player.h">
      <Filter>Object\Character</Filter>
    </ClInclude>
    <ClInclude Include="State.h">
      <Filter>Object\Parts</Filter>
    </ClInclude>
    <ClInclude Include="CollisionData.h">
      <Filter>Object\Parts</Filter>
    </ClInclude>
    <ClInclude Include="CollisionManager.h">
      <Filter>Manager</Filter>
    </ClInclude>
    <ClInclude Include="CommonObjectAndManager.h">
      <Filter>Scene</Filter>
    </ClInclude>
    <ClInclude Include="BaseScene.h">
      <Filter>Scene</Filter>
    </ClInclude>
    <ClInclude Include="CollisionProcessing.h">
      <Filter>Object\Parts</Filter>
    </ClInclude>
    <ClInclude Include="Fall.h">
      <Filter>Object\Parts</Filter>
    </ClInclude>
    <ClInclude Include="BlockManager.h">
      <Filter>Manager</Filter>
    </ClInclude>
    <ClInclude Include="KeyControlle.h">
      <Filter>Singleton</Filter>
    </ClInclude>
    <ClInclude Include="Singleton.h">
      <Filter>Singleton</Filter>
    </ClInclude>
    <ClInclude Include="Camera.h">
      <Filter>Object</Filter>
    </ClInclude>
    <ClInclude Include="CollisionObject.h">
      <Filter>Object\CollisionObject</Filter>
    </ClInclude>
    <ClInclude Include="Bullet.h">
      <Filter>Object\Bullet</Filter>
    </ClInclude>
    <ClInclude Include="NormalBullet.h">
      <Filter>Object\Bullet</Filter>
    </ClInclude>
    <ClInclude Include="BulletManager.h">
      <Filter>Manager</Filter>
    </ClInclude>
    <ClInclude Include="Life.h">
      <Filter>Object\Parts</Filter>
    </ClInclude>
    <ClInclude Include="Enemy.h">
      <Filter>Object\Enemy</Filter>
    </ClInclude>
    <ClInclude Include="Terry.h">
      <Filter>ヘッダー ファイル</Filter>
    </ClInclude>
    <ClInclude Include="EnemyManager.h">
      <Filter>Manager</Filter>
    </ClInclude>
  </ItemGroup>
</Project>